
Microsoft Visual Studio Solution File, Format Version 12.00
# Visual Studio Version 17
VisualStudioVersion = 17.7.34031.279
MinimumVisualStudioVersion = 10.0.40219.1
Project("{FAE04EC0-301F-11D3-BF4B-00C04F79EFBC}") = "SMFirst", "SMFirst.csproj", "{BA6B25E3-563B-4AEF-81A0-06F7D522BA02}"
EndProject
Global
	GlobalSection(SolutionConfigurationPlatforms) = preSolution
		Debug|Any CPU = Debug|Any CPU
		Release|Any CPU = Release|Any CPU
	EndGlobalSection
	GlobalSection(ProjectConfigurationPlatforms) = postSolution
		{BA6B25E3-563B-4AEF-81A0-06F7D522BA02}.Debug|Any CPU.ActiveCfg = Debug|Any CPU
		{BA6B25E3-563B-4AEF-81A0-06F7D522BA02}.Debug|Any CPU.Build.0 = Debug|Any CPU
		{BA6B25E3-563B-4AEF-81A0-06F7D522BA02}.Release|Any CPU.ActiveCfg = Release|Any CPU
		{BA6B25E3-563B-4AEF-81A0-06F7D522BA02}.Release|Any CPU.Build.0 = Release|Any CPU
	EndGlobalSection
	GlobalSection(SolutionProperties) = preSolution
		HideSolutionNode = FALSE
	EndGlobalSection
	GlobalSection(ExtensibilityGlobals) = postSolution
		SolutionGuid = {8F8CB075-17ED-4E86-BF20-E54B0BA77C7D}
	EndGlobalSection
EndGlobal
