
Microsoft Visual Studio Solution File, Format Version 12.00
# Visual Studio Version 17
VisualStudioVersion = 17.9.34622.214
MinimumVisualStudioVersion = 10.0.40219.1
Project("{FAE04EC0-301F-11D3-BF4B-00C04F79EFBC}") = "DDifference", "DDifference.csproj", "{3AEB40FD-084E-46EC-BC19-309DAD8F8D1F}"
EndProject
Global
	GlobalSection(SolutionConfigurationPlatforms) = preSolution
		Debug|Any CPU = Debug|Any CPU
		Release|Any CPU = Release|Any CPU
	EndGlobalSection
	GlobalSection(ProjectConfigurationPlatforms) = postSolution
		{3AEB40FD-084E-46EC-BC19-309DAD8F8D1F}.Debug|Any CPU.ActiveCfg = Debug|Any CPU
		{3AEB40FD-084E-46EC-BC19-309DAD8F8D1F}.Debug|Any CPU.Build.0 = Debug|Any CPU
		{3AEB40FD-084E-46EC-BC19-309DAD8F8D1F}.Release|Any CPU.ActiveCfg = Release|Any CPU
		{3AEB40FD-084E-46EC-BC19-309DAD8F8D1F}.Release|Any CPU.Build.0 = Release|Any CPU
	EndGlobalSection
	GlobalSection(SolutionProperties) = preSolution
		HideSolutionNode = FALSE
	EndGlobalSection
	GlobalSection(ExtensibilityGlobals) = postSolution
		SolutionGuid = {FBD505C2-45AE-4938-B34E-2554E00CE26F}
	EndGlobalSection
EndGlobal
